// !$*UTF8*$!
{
	archiveVersion = 1;
	classes = {
	};
	objectVersion = 77;
	objects = {

/* Begin PBXContainerItemProxy section */
		6C3D98C12D7B537000249556 /* PBXContainerItemProxy */ = {
			isa = PBXContainerItemProxy;
			containerPortal = 6CBB5B042D7915E70087F5DF /* Project object */;
			proxyType = 1;
			remoteGlobalIDString = 6CBB5B0B2D7915E70087F5DF;
			remoteInfo = "iOS-Dev-Case";
		};
		6CBB5B232D7915EA0087F5DF /* PBXContainerItemProxy */ = {
			isa = PBXContainerItemProxy;
			containerPortal = 6CBB5B042D7915E70087F5DF /* Project object */;
			proxyType = 1;
			remoteGlobalIDString = 6CBB5B0B2D7915E70087F5DF;
			remoteInfo = "iOS-Dev-Case";
		};
/* End PBXContainerItemProxy section */

/* Begin PBXFileReference section */
		6C3D98C62D7B538700249556 /* iOS-Dev-CaseUITests.xctest */ = {isa = PBXFileReference; explicitFileType = wrapper.cfbundle; includeInIndex = 0; name = "iOS-Dev-CaseUITests.xctest"; path = "/Users/yusufgurel/Desktop/Business/Coding/Swift/Projects/iOS-Dev-Case/build/Debug-iphoneos/iOS-Dev-CaseUITests-Runner.app/PlugIns/iOS-Dev-CaseUITests.xctest"; sourceTree = "<absolute>"; };
		6C3D98C72D7B53A400249556 /* iOS-Dev-CaseTests.xctest */ = {isa = PBXFileReference; explicitFileType = wrapper.cfbundle; includeInIndex = 0; name = "iOS-Dev-CaseTests.xctest"; path = "/Users/yusufgurel/Desktop/Business/Coding/Swift/Projects/iOS-Dev-Case/build/Debug-iphoneos/iOS-Dev-Case.app/PlugIns/iOS-Dev-CaseTests.xctest"; sourceTree = "<absolute>"; };
		6C3D98C82D7B53B400249556 /* iOS-Dev-Case.app */ = {isa = PBXFileReference; explicitFileType = wrapper.application; includeInIndex = 0; name = "iOS-Dev-Case.app"; path = "/Users/yusufgurel/Desktop/Business/Coding/Swift/Projects/iOS-Dev-Case/build/Debug-iphoneos/iOS-Dev-Case.app"; sourceTree = "<absolute>"; };
/* End PBXFileReference section */

/* Begin PBXFileSystemSynchronizedBuildFileExceptionSet section */
		6CBB5B342D7915EA0087F5DF /* Exceptions for "iOS-Dev-Case" folder in "iOS-Dev-Case" target */ = {
			isa = PBXFileSystemSynchronizedBuildFileExceptionSet;
			membershipExceptions = (
				Resources/Info.plist,
			);
			target = 6CBB5B0B2D7915E70087F5DF /* iOS-Dev-Case */;
		};
/* End PBXFileSystemSynchronizedBuildFileExceptionSet section */

/* Begin PBXFileSystemSynchronizedRootGroup section */
		6C3D98BC2D7B537000249556 /* iOS-Dev-CaseUITests */ = {
			isa = PBXFileSystemSynchronizedRootGroup;
			path = "iOS-Dev-CaseUITests";
			sourceTree = "<group>";
		};
		6CBB5B0E2D7915E70087F5DF /* iOS-Dev-Case */ = {
			isa = PBXFileSystemSynchronizedRootGroup;
			exceptions = (
				6CBB5B342D7915EA0087F5DF /* Exceptions for "iOS-Dev-Case" folder in "iOS-Dev-Case" target */,
			);
			path = "iOS-Dev-Case";
			sourceTree = "<group>";
		};
		6CBB5B252D7915EA0087F5DF /* iOS-Dev-CaseTests */ = {
			isa = PBXFileSystemSynchronizedRootGroup;
			path = "iOS-Dev-CaseTests";
			sourceTree = "<group>";
		};
/* End PBXFileSystemSynchronizedRootGroup section */

/* Begin PBXFrameworksBuildPhase section */
		6C3D98B82D7B537000249556 /* Frameworks */ = {
			isa = PBXFrameworksBuildPhase;
			buildActionMask = 2147483647;
			files = (
			);
			runOnlyForDeploymentPostprocessing = 0;
		};
		6CBB5B092D7915E70087F5DF /* Frameworks */ = {
			isa = PBXFrameworksBuildPhase;
			buildActionMask = 2147483647;
			files = (
			);
			runOnlyForDeploymentPostprocessing = 0;
		};
		6CBB5B1F2D7915EA0087F5DF /* Frameworks */ = {
			isa = PBXFrameworksBuildPhase;
			buildActionMask = 2147483647;
			files = (
			);
			runOnlyForDeploymentPostprocessing = 0;
		};
/* End PBXFrameworksBuildPhase section */

/* Begin PBXGroup section */
		6CBB5B032D7915E70087F5DF = {
			isa = PBXGroup;
			children = (
				6CBB5B0E2D7915E70087F5DF /* iOS-Dev-Case */,
				6CBB5B252D7915EA0087F5DF /* iOS-Dev-CaseTests */,
				6C3D98BC2D7B537000249556 /* iOS-Dev-CaseUITests */,
			);
			sourceTree = "<group>";
		};
/* End PBXGroup section */

/* Begin PBXNativeTarget section */
		6C3D98BA2D7B537000249556 /* iOS-Dev-CaseUITests */ = {
			isa = PBXNativeTarget;
			buildConfigurationList = 6C3D98C32D7B537000249556 /* Build configuration list for PBXNativeTarget "iOS-Dev-CaseUITests" */;
			buildPhases = (
				6C3D98B72D7B537000249556 /* Sources */,
				6C3D98B82D7B537000249556 /* Frameworks */,
				6C3D98B92D7B537000249556 /* Resources */,
			);
			buildRules = (
			);
			dependencies = (
				6C3D98C22D7B537000249556 /* PBXTargetDependency */,
			);
			fileSystemSynchronizedGroups = (
				6C3D98BC2D7B537000249556 /* iOS-Dev-CaseUITests */,
			);
			name = "iOS-Dev-CaseUITests";
			packageProductDependencies = (
			);
			productName = "iOS-Dev-CaseUITests";
			productReference = 6C3D98C62D7B538700249556 /* iOS-Dev-CaseUITests.xctest */;
			productType = "com.apple.product-type.bundle.ui-testing";
		};
		6CBB5B0B2D7915E70087F5DF /* iOS-Dev-Case */ = {
			isa = PBXNativeTarget;
			buildConfigurationList = 6CBB5B352D7915EA0087F5DF /* Build configuration list for PBXNativeTarget "iOS-Dev-Case" */;
			buildPhases = (
				6CBB5B082D7915E70087F5DF /* Sources */,
				6CBB5B092D7915E70087F5DF /* Frameworks */,
				6CBB5B0A2D7915E70087F5DF /* Resources */,
			);
			buildRules = (
			);
			dependencies = (
			);
			fileSystemSynchronizedGroups = (
				6CBB5B0E2D7915E70087F5DF /* iOS-Dev-Case */,
			);
			name = "iOS-Dev-Case";
			packageProductDependencies = (
			);
			productName = "iOS-Dev-Case";
			productReference = 6C3D98C82D7B53B400249556 /* iOS-Dev-Case.app */;
			productType = "com.apple.product-type.application";
		};
		6CBB5B212D7915EA0087F5DF /* iOS-Dev-CaseTests */ = {
			isa = PBXNativeTarget;
			buildConfigurationList = 6CBB5B3A2D7915EA0087F5DF /* Build configuration list for PBXNativeTarget "iOS-Dev-CaseTests" */;
			buildPhases = (
				6CBB5B1E2D7915EA0087F5DF /* Sources */,
				6CBB5B1F2D7915EA0087F5DF /* Frameworks */,
				6CBB5B202D7915EA0087F5DF /* Resources */,
			);
			buildRules = (
			);
			dependencies = (
				6CBB5B242D7915EA0087F5DF /* PBXTargetDependency */,
			);
			fileSystemSynchronizedGroups = (
				6CBB5B252D7915EA0087F5DF /* iOS-Dev-CaseTests */,
			);
			name = "iOS-Dev-CaseTests";
			packageProductDependencies = (
			);
			productName = "iOS-Dev-CaseTests";
			productReference = 6C3D98C72D7B53A400249556 /* iOS-Dev-CaseTests.xctest */;
			productType = "com.apple.product-type.bundle.unit-test";
		};
/* End PBXNativeTarget section */

/* Begin PBXProject section */
		6CBB5B042D7915E70087F5DF /* Project object */ = {
			isa = PBXProject;
			attributes = {
				BuildIndependentTargetsInParallel = 1;
				LastSwiftUpdateCheck = 1600;
				LastUpgradeCheck = 1600;
				TargetAttributes = {
					6C3D98BA2D7B537000249556 = {
						CreatedOnToolsVersion = 16.0;
						TestTargetID = 6CBB5B0B2D7915E70087F5DF;
					};
					6CBB5B0B2D7915E70087F5DF = {
						CreatedOnToolsVersion = 16.0;
					};
					6CBB5B212D7915EA0087F5DF = {
						CreatedOnToolsVersion = 16.0;
						TestTargetID = 6CBB5B0B2D7915E70087F5DF;
					};
				};
			};
			buildConfigurationList = 6CBB5B072D7915E70087F5DF /* Build configuration list for PBXProject "iOS-Dev-Case" */;
			developmentRegion = en;
			hasScannedForEncodings = 0;
			knownRegions = (
				en,
				Base,
			);
			mainGroup = 6CBB5B032D7915E70087F5DF;
			minimizedProjectReferenceProxies = 1;
			preferredProjectObjectVersion = 77;
			productRefGroup = 6CBB5B032D7915E70087F5DF;
			projectDirPath = "";
			projectRoot = "";
			targets = (
				6CBB5B0B2D7915E70087F5DF /* iOS-Dev-Case */,
				6CBB5B212D7915EA0087F5DF /* iOS-Dev-CaseTests */,
				6C3D98BA2D7B537000249556 /* iOS-Dev-CaseUITests */,
			);
		};
/* End PBXProject section */

/* Begin PBXResourcesBuildPhase section */
		6C3D98B92D7B537000249556 /* Resources */ = {
			isa = PBXResourcesBuildPhase;
			buildActionMask = 2147483647;
			files = (
			);
			runOnlyForDeploymentPostprocessing = 0;
		};
		6CBB5B0A2D7915E70087F5DF /* Resources */ = {
			isa = PBXResourcesBuildPhase;
			buildActionMask = 2147483647;
			files = (
			);
			runOnlyForDeploymentPostprocessing = 0;
		};
		6CBB5B202D7915EA0087F5DF /* Resources */ = {
			isa = PBXResourcesBuildPhase;
			buildActionMask = 2147483647;
			files = (
			);
			runOnlyForDeploymentPostprocessing = 0;
		};
/* End PBXResourcesBuildPhase section */

/* Begin PBXSourcesBuildPhase section */
		6C3D98B72D7B537000249556 /* Sources */ = {
			isa = PBXSourcesBuildPhase;
			buildActionMask = 2147483647;
			files = (
			);
			runOnlyForDeploymentPostprocessing = 0;
		};
		6CBB5B082D7915E70087F5DF /* Sources */ = {
			isa = PBXSourcesBuildPhase;
			buildActionMask = 2147483647;
			files = (
			);
			runOnlyForDeploymentPostprocessing = 0;
		};
		6CBB5B1E2D7915EA0087F5DF /* Sources */ = {
			isa = PBXSourcesBuildPhase;
			buildActionMask = 2147483647;
			files = (
			);
			runOnlyForDeploymentPostprocessing = 0;
		};
/* End PBXSourcesBuildPhase section */

/* Begin PBXTargetDependency section */
		6C3D98C22D7B537000249556 /* PBXTargetDependency */ = {
			isa = PBXTargetDependency;
			target = 6CBB5B0B2D7915E70087F5DF /* iOS-Dev-Case */;
			targetProxy = 6C3D98C12D7B537000249556 /* PBXContainerItemProxy */;
		};
		6CBB5B242D7915EA0087F5DF /* PBXTargetDependency */ = {
			isa = PBXTargetDependency;
			target = 6CBB5B0B2D7915E70087F5DF /* iOS-Dev-Case */;
			targetProxy = 6CBB5B232D7915EA0087F5DF /* PBXContainerItemProxy */;
		};
/* End PBXTargetDependency section */

/* Begin XCBuildConfiguration section */
		6C3D98C42D7B537000249556 /* Debug */ = {
			isa = XCBuildConfiguration;
			buildSettings = {
				CODE_SIGN_STYLE = Automatic;
				CURRENT_PROJECT_VERSION = 1;
				DEVELOPMENT_TEAM = 37WD854UWX;
				GENERATE_INFOPLIST_FILE = YES;
				IPHONEOS_DEPLOYMENT_TARGET = 15.0;
				MARKETING_VERSION = 1.0;
				PRODUCT_BUNDLE_IDENTIFIER = "com.gurel.iOS-Dev-CaseUITests";
				PRODUCT_NAME = "$(TARGET_NAME)";
				SUPPORTED_PLATFORMS = "iphoneos iphonesimulator";
				SUPPORTS_MACCATALYST = NO;
				SUPPORTS_MAC_DESIGNED_FOR_IPHONE_IPAD = NO;
				SUPPORTS_XR_DESIGNED_FOR_IPHONE_IPAD = NO;
				SWIFT_EMIT_LOC_STRINGS = NO;
				SWIFT_VERSION = 5.0;
				TARGETED_DEVICE_FAMILY = "1,2";
				TEST_TARGET_NAME = "iOS-Dev-Case";
			};
			name = Debug;
		};
		6C3D98C52D7B537000249556 /* Release */ = {
			isa = XCBuildConfiguration;
			buildSettings = {
				CODE_SIGN_STYLE = Automatic;
				CURRENT_PROJECT_VERSION = 1;
				DEVELOPMENT_TEAM = 37WD854UWX;
				GENERATE_INFOPLIST_FILE = YES;
				IPHONEOS_DEPLOYMENT_TARGET = 15.0;
				MARKETING_VERSION = 1.0;
				PRODUCT_BUNDLE_IDENTIFIER = "com.gurel.iOS-Dev-CaseUITests";
				PRODUCT_NAME = "$(TARGET_NAME)";
				SUPPORTED_PLATFORMS = "iphoneos iphonesimulator";
				SUPPORTS_MACCATALYST = NO;
				SUPPORTS_MAC_DESIGNED_FOR_IPHONE_IPAD = NO;
				SUPPORTS_XR_DESIGNED_FOR_IPHONE_IPAD = NO;
				SWIFT_EMIT_LOC_STRINGS = NO;
				SWIFT_VERSION = 5.0;
				TARGETED_DEVICE_FAMILY = "1,2";
				TEST_TARGET_NAME = "iOS-Dev-Case";
			};
			name = Release;
		};
		6CBB5B362D7915EA0087F5DF /* Debug */ = {
			isa = XCBuildConfiguration;
			buildSettings = {
				ASSETCATALOG_COMPILER_APPICON_NAME = AppIcon;
				ASSETCATALOG_COMPILER_GLOBAL_ACCENT_COLOR_NAME = AccentColor;
				CODE_SIGN_STYLE = Automatic;
				CURRENT_PROJECT_VERSION = 1;
				DEVELOPMENT_TEAM = 37WD854UWX;
				GENERATE_INFOPLIST_FILE = YES;
				INFOPLIST_FILE = "iOS-Dev-Case/Resources/Info.plist";
				INFOPLIST_KEY_UIApplicationSupportsIndirectInputEvents = YES;
				INFOPLIST_KEY_UILaunchStoryboardName = LaunchScreen;
				INFOPLIST_KEY_UISupportedInterfaceOrientations = UIInterfaceOrientationPortrait;
				IPHONEOS_DEPLOYMENT_TARGET = 15.0;
				LD_RUNPATH_SEARCH_PATHS = (
					"$(inherited)",
					"@executable_path/Frameworks",
				);
				MARKETING_VERSION = 1.0.0;
				PRODUCT_BUNDLE_IDENTIFIER = "com.gurel.iOS-Dev-Case";
				PRODUCT_NAME = "$(TARGET_NAME)";
				SUPPORTED_PLATFORMS = "iphoneos iphonesimulator";
				SUPPORTS_MACCATALYST = NO;
				SUPPORTS_MAC_DESIGNED_FOR_IPHONE_IPAD = NO;
				SUPPORTS_XR_DESIGNED_FOR_IPHONE_IPAD = NO;
				SWIFT_EMIT_LOC_STRINGS = YES;
				SWIFT_VERSION = 5.0;
				TARGETED_DEVICE_FAMILY = "1,2";
			};
			name = Debug;
		};
		6CBB5B372D7915EA0087F5DF /* Release */ = {
			isa = XCBuildConfiguration;
			buildSettings = {
				ASSETCATALOG_COMPILER_APPICON_NAME = AppIcon;
				ASSETCATALOG_COMPILER_GLOBAL_ACCENT_COLOR_NAME = AccentColor;
				CODE_SIGN_STYLE = Automatic;
				CURRENT_PROJECT_VERSION = 1;
				DEVELOPMENT_TEAM = 37WD854UWX;
				GENERATE_INFOPLIST_FILE = YES;
				INFOPLIST_FILE = "iOS-Dev-Case/Resources/Info.plist";
				INFOPLIST_KEY_UIApplicationSupportsIndirectInputEvents = YES;
				INFOPLIST_KEY_UILaunchStoryboardName = LaunchScreen;
				INFOPLIST_KEY_UISupportedInterfaceOrientations = UIInterfaceOrientationPortrait;
				IPHONEOS_DEPLOYMENT_TARGET = 15.0;
				LD_RUNPATH_SEARCH_PATHS = (
					"$(inherited)",
					"@executable_path/Frameworks",
				);
				MARKETING_VERSION = 1.0.0;
				PRODUCT_BUNDLE_IDENTIFIER = "com.gurel.iOS-Dev-Case";
				PRODUCT_NAME = "$(TARGET_NAME)";
				SUPPORTED_PLATFORMS = "iphoneos iphonesimulator";
				SUPPORTS_MACCATALYST = NO;
				SUPPORTS_MAC_DESIGNED_FOR_IPHONE_IPAD = NO;
				SUPPORTS_XR_DESIGNED_FOR_IPHONE_IPAD = NO;
				SWIFT_EMIT_LOC_STRINGS = YES;
				SWIFT_VERSION = 5.0;
				TARGETED_DEVICE_FAMILY = "1,2";
			};
			name = Release;
		};
		6CBB5B382D7915EA0087F5DF /* Debug */ = {
			isa = XCBuildConfiguration;
			buildSettings = {
				ALWAYS_SEARCH_USER_PATHS = NO;
				ASSETCATALOG_COMPILER_GENERATE_SWIFT_ASSET_SYMBOL_EXTENSIONS = YES;
				CLANG_ANALYZER_NONNULL = YES;
				CLANG_ANALYZER_NUMBER_OBJECT_CONVERSION = YES_AGGRESSIVE;
				CLANG_CXX_LANGUAGE_STANDARD = "gnu++20";
				CLANG_ENABLE_MODULES = YES;
				CLANG_ENABLE_OBJC_ARC = YES;
				CLANG_ENABLE_OBJC_WEAK = YES;
				CLANG_WARN_BLOCK_CAPTURE_AUTORELEASING = YES;
				CLANG_WARN_BOOL_CONVERSION = YES;
				CLANG_WARN_COMMA = YES;
				CLANG_WARN_CONSTANT_CONVERSION = YES;
				CLANG_WARN_DEPRECATED_OBJC_IMPLEMENTATIONS = YES;
				CLANG_WARN_DIRECT_OBJC_ISA_USAGE = YES_ERROR;
				CLANG_WARN_DOCUMENTATION_COMMENTS = YES;
				CLANG_WARN_EMPTY_BODY = YES;
				CLANG_WARN_ENUM_CONVERSION = YES;
				CLANG_WARN_INFINITE_RECURSION = YES;
				CLANG_WARN_INT_CONVERSION = YES;
				CLANG_WARN_NON_LITERAL_NULL_CONVERSION = YES;
				CLANG_WARN_OBJC_IMPLICIT_RETAIN_SELF = YES;
				CLANG_WARN_OBJC_LITERAL_CONVERSION = YES;
				CLANG_WARN_OBJC_ROOT_CLASS = YES_ERROR;
				CLANG_WARN_QUOTED_INCLUDE_IN_FRAMEWORK_HEADER = YES;
				CLANG_WARN_RANGE_LOOP_ANALYSIS = YES;
				CLANG_WARN_STRICT_PROTOTYPES = YES;
				CLANG_WARN_SUSPICIOUS_MOVE = YES;
				CLANG_WARN_UNGUARDED_AVAILABILITY = YES_AGGRESSIVE;
				CLANG_WARN_UNREACHABLE_CODE = YES;
				CLANG_WARN__DUPLICATE_METHOD_MATCH = YES;
				COPY_PHASE_STRIP = NO;
				DEBUG_INFORMATION_FORMAT = dwarf;
				ENABLE_STRICT_OBJC_MSGSEND = YES;
				ENABLE_TESTABILITY = YES;
				ENABLE_USER_SCRIPT_SANDBOXING = YES;
				GCC_C_LANGUAGE_STANDARD = gnu17;
				GCC_DYNAMIC_NO_PIC = NO;
				GCC_NO_COMMON_BLOCKS = YES;
				GCC_OPTIMIZATION_LEVEL = 0;
				GCC_PREPROCESSOR_DEFINITIONS = (
					"DEBUG=1",
					"$(inherited)",
				);
				GCC_WARN_64_TO_32_BIT_CONVERSION = YES;
				GCC_WARN_ABOUT_RETURN_TYPE = YES_ERROR;
				GCC_WARN_UNDECLARED_SELECTOR = YES;
				GCC_WARN_UNINITIALIZED_AUTOS = YES_AGGRESSIVE;
				GCC_WARN_UNUSED_FUNCTION = YES;
				GCC_WARN_UNUSED_VARIABLE = YES;
				IPHONEOS_DEPLOYMENT_TARGET = 18.0;
				LOCALIZATION_PREFERS_STRING_CATALOGS = YES;
				MTL_ENABLE_DEBUG_INFO = INCLUDE_SOURCE;
				MTL_FAST_MATH = YES;
				ONLY_ACTIVE_ARCH = YES;
				SDKROOT = iphoneos;
				SWIFT_ACTIVE_COMPILATION_CONDITIONS = "DEBUG $(inherited)";
				SWIFT_OPTIMIZATION_LEVEL = "-Onone";
			};
			name = Debug;
		};
		6CBB5B392D7915EA0087F5DF /* Release */ = {
			isa = XCBuildConfiguration;
			buildSettings = {
				ALWAYS_SEARCH_USER_PATHS = NO;
				ASSETCATALOG_COMPILER_GENERATE_SWIFT_ASSET_SYMBOL_EXTENSIONS = YES;
				CLANG_ANALYZER_NONNULL = YES;
				CLANG_ANALYZER_NUMBER_OBJECT_CONVERSION = YES_AGGRESSIVE;
				CLANG_CXX_LANGUAGE_STANDARD = "gnu++20";
				CLANG_ENABLE_MODULES = YES;
				CLANG_ENABLE_OBJC_ARC = YES;
				CLANG_ENABLE_OBJC_WEAK = YES;
				CLANG_WARN_BLOCK_CAPTURE_AUTORELEASING = YES;
				CLANG_WARN_BOOL_CONVERSION = YES;
				CLANG_WARN_COMMA = YES;
				CLANG_WARN_CONSTANT_CONVERSION = YES;
				CLANG_WARN_DEPRECATED_OBJC_IMPLEMENTATIONS = YES;
				CLANG_WARN_DIRECT_OBJC_ISA_USAGE = YES_ERROR;
				CLANG_WARN_DOCUMENTATION_COMMENTS = YES;
				CLANG_WARN_EMPTY_BODY = YES;
				CLANG_WARN_ENUM_CONVERSION = YES;
				CLANG_WARN_INFINITE_RECURSION = YES;
				CLANG_WARN_INT_CONVERSION = YES;
				CLANG_WARN_NON_LITERAL_NULL_CONVERSION = YES;
				CLANG_WARN_OBJC_IMPLICIT_RETAIN_SELF = YES;
				CLANG_WARN_OBJC_LITERAL_CONVERSION = YES;
				CLANG_WARN_OBJC_ROOT_CLASS = YES_ERROR;
				CLANG_WARN_QUOTED_INCLUDE_IN_FRAMEWORK_HEADER = YES;
				CLANG_WARN_RANGE_LOOP_ANALYSIS = YES;
				CLANG_WARN_STRICT_PROTOTYPES = YES;
				CLANG_WARN_SUSPICIOUS_MOVE = YES;
				CLANG_WARN_UNGUARDED_AVAILABILITY = YES_AGGRESSIVE;
				CLANG_WARN_UNREACHABLE_CODE = YES;
				CLANG_WARN__DUPLICATE_METHOD_MATCH = YES;
				COPY_PHASE_STRIP = NO;
				DEBUG_INFORMATION_FORMAT = "dwarf-with-dsym";
				ENABLE_NS_ASSERTIONS = NO;
				ENABLE_STRICT_OBJC_MSGSEND = YES;
				ENABLE_USER_SCRIPT_SANDBOXING = YES;
				GCC_C_LANGUAGE_STANDARD = gnu17;
				GCC_NO_COMMON_BLOCKS = YES;
				GCC_WARN_64_TO_32_BIT_CONVERSION = YES;
				GCC_WARN_ABOUT_RETURN_TYPE = YES_ERROR;
				GCC_WARN_UNDECLARED_SELECTOR = YES;
				GCC_WARN_UNINITIALIZED_AUTOS = YES_AGGRESSIVE;
				GCC_WARN_UNUSED_FUNCTION = YES;
				GCC_WARN_UNUSED_VARIABLE = YES;
				IPHONEOS_DEPLOYMENT_TARGET = 18.0;
				LOCALIZATION_PREFERS_STRING_CATALOGS = YES;
				MTL_ENABLE_DEBUG_INFO = NO;
				MTL_FAST_MATH = YES;
				SDKROOT = iphoneos;
				SWIFT_COMPILATION_MODE = wholemodule;
				VALIDATE_PRODUCT = YES;
			};
			name = Release;
		};
		6CBB5B3B2D7915EA0087F5DF /* Debug */ = {
			isa = XCBuildConfiguration;
			buildSettings = {
				BUNDLE_LOADER = "$(TEST_HOST)";
				CODE_SIGN_STYLE = Automatic;
				CURRENT_PROJECT_VERSION = 1;
				DEVELOPMENT_TEAM = 37WD854UWX;
				GENERATE_INFOPLIST_FILE = YES;
				IPHONEOS_DEPLOYMENT_TARGET = 15.0;
				MARKETING_VERSION = 1.0;
				PRODUCT_BUNDLE_IDENTIFIER = "com.gurel.iOS-Dev-CaseTests";
				PRODUCT_NAME = "$(TARGET_NAME)";
				SUPPORTED_PLATFORMS = "iphoneos iphonesimulator";
				SUPPORTS_MACCATALYST = NO;
				SUPPORTS_MAC_DESIGNED_FOR_IPHONE_IPAD = NO;
				SUPPORTS_XR_DESIGNED_FOR_IPHONE_IPAD = NO;
				SWIFT_EMIT_LOC_STRINGS = NO;
				SWIFT_VERSION = 5.0;
				TARGETED_DEVICE_FAMILY = "1,2";
				TEST_HOST = "$(BUILT_PRODUCTS_DIR)/iOS-Dev-Case.app/$(BUNDLE_EXECUTABLE_FOLDER_PATH)/iOS-Dev-Case";
			};
			name = Debug;
		};
		6CBB5B3C2D7915EA0087F5DF /* Release */ = {
			isa = XCBuildConfiguration;
			buildSettings = {
				BUNDLE_LOADER = "$(TEST_HOST)";
				CODE_SIGN_STYLE = Automatic;
				CURRENT_PROJECT_VERSION = 1;
				DEVELOPMENT_TEAM = 37WD854UWX;
				GENERATE_INFOPLIST_FILE = YES;
				IPHONEOS_DEPLOYMENT_TARGET = 15.0;
				MARKETING_VERSION = 1.0;
				PRODUCT_BUNDLE_IDENTIFIER = "com.gurel.iOS-Dev-CaseTests";
				PRODUCT_NAME = "$(TARGET_NAME)";
				SUPPORTED_PLATFORMS = "iphoneos iphonesimulator";
				SUPPORTS_MACCATALYST = NO;
				SUPPORTS_MAC_DESIGNED_FOR_IPHONE_IPAD = NO;
				SUPPORTS_XR_DESIGNED_FOR_IPHONE_IPAD = NO;
				SWIFT_EMIT_LOC_STRINGS = NO;
				SWIFT_VERSION = 5.0;
				TARGETED_DEVICE_FAMILY = "1,2";
				TEST_HOST = "$(BUILT_PRODUCTS_DIR)/iOS-Dev-Case.app/$(BUNDLE_EXECUTABLE_FOLDER_PATH)/iOS-Dev-Case";
			};
			name = Release;
		};
/* End XCBuildConfiguration section */

/* Begin XCConfigurationList section */
		6C3D98C32D7B537000249556 /* Build configuration list for PBXNativeTarget "iOS-Dev-CaseUITests" */ = {
			isa = XCConfigurationList;
			buildConfigurations = (
				6C3D98C42D7B537000249556 /* Debug */,
				6C3D98C52D7B537000249556 /* Release */,
			);
			defaultConfigurationIsVisible = 0;
			defaultConfigurationName = Release;
		};
		6CBB5B072D7915E70087F5DF /* Build configuration list for PBXProject "iOS-Dev-Case" */ = {
			isa = XCConfigurationList;
			buildConfigurations = (
				6CBB5B382D7915EA0087F5DF /* Debug */,
				6CBB5B392D7915EA0087F5DF /* Release */,
			);
			defaultConfigurationIsVisible = 0;
			defaultConfigurationName = Release;
		};
		6CBB5B352D7915EA0087F5DF /* Build configuration list for PBXNativeTarget "iOS-Dev-Case" */ = {
			isa = XCConfigurationList;
			buildConfigurations = (
				6CBB5B362D7915EA0087F5DF /* Debug */,
				6CBB5B372D7915EA0087F5DF /* Release */,
			);
			defaultConfigurationIsVisible = 0;
			defaultConfigurationName = Release;
		};
		6CBB5B3A2D7915EA0087F5DF /* Build configuration list for PBXNativeTarget "iOS-Dev-CaseTests" */ = {
			isa = XCConfigurationList;
			buildConfigurations = (
				6CBB5B3B2D7915EA0087F5DF /* Debug */,
				6CBB5B3C2D7915EA0087F5DF /* Release */,
			);
			defaultConfigurationIsVisible = 0;
			defaultConfigurationName = Release;
		};
/* End XCConfigurationList section */
	};
	rootObject = 6CBB5B042D7915E70087F5DF /* Project object */;
}
